<?xml version="1.0" encoding="utf-8"?>
<Project ToolsVersion="4.0" xmlns="http://schemas.microsoft.com/developer/msbuild/2003">
  <ItemGroup>
    <Filter Include="Source Files">
      <UniqueIdentifier>{4FC737F1-C7A5-4376-A066-2A32D752A2FF}</UniqueIdentifier>
      <Extensions>cpp;c;cc;cxx;def;odl;idl;hpj;bat;asm;asmx</Extensions>
    </Filter>
    <Filter Include="Header Files">
      <UniqueIdentifier>{93995380-89BD-4b04-88EB-625FBE52EBFB}</UniqueIdentifier>
      <Extensions>h;hh;hpp;hxx;hm;inl;inc;xsd</Extensions>
    </Filter>
    <Filter Include="Resource Files">
      <UniqueIdentifier>{67DA6AB6-F800-4c08-8B7A-83BB121AAD01}</UniqueIdentifier>
      <Extensions>rc;ico;cur;bmp;dlg;rc2;rct;bin;rgs;gif;jpg;jpeg;jpe;resx;tiff;tif;png;wav;mfcribbon-ms</Extensions>
    </Filter>
    <Filter Include="Header Files\Core">
      <UniqueIdentifier>{c614d894-cab3-405e-9561-2d4c4331a5de}</UniqueIdentifier>
    </Filter>
    <Filter Include="Source Files\Core">
      <UniqueIdentifier>{71022967-fade-4156-975d-2f27728e548a}</UniqueIdentifier>
    </Filter>
    <Filter Include="Resource Files\Shaders">
      <UniqueIdentifier>{b9415056-3d16-43d2-8908-a43bd174b884}</UniqueIdentifier>
    </Filter>
    <Filter Include="Resource Files\Shaders\DirectX">
      <UniqueIdentifier>{0c42ac7c-a846-4c98-8ed8-de6fe6a10008}</UniqueIdentifier>
    </Filter>
    <Filter Include="Resource Files\Shaders\OpenGL">
      <UniqueIdentifier>{3a3eab72-9e09-4c05-a62e-ab4147e8814b}</UniqueIdentifier>
    </Filter>
  </ItemGroup>
  <ItemGroup>
    <ClCompile Include="Main.cpp">
      <Filter>Source Files</Filter>
    </ClCompile>
    <ClCompile Include="Core\Game.cpp">
      <Filter>Source Files\Core</Filter>
    </ClCompile>
    <ClCompile Include="Core\Renderer.cpp">
      <Filter>Source Files\Core</Filter>
    </ClCompile>
    <ClCompile Include="Core\Window.cpp">
      <Filter>Source Files\Core</Filter>
    </ClCompile>
    <ClCompile Include="Core\GraphicsDevice.cpp">
      <Filter>Source Files\Core</Filter>
    </ClCompile>
  </ItemGroup>
  <ItemGroup>
    <ClInclude Include="Core\Game.hpp">
      <Filter>Header Files\Core</Filter>
    </ClInclude>
    <ClInclude Include="Core\Common.hpp">
      <Filter>Header Files\Core</Filter>
    </ClInclude>
    <ClInclude Include="Core\Renderer.hpp">
      <Filter>Header Files\Core</Filter>
    </ClInclude>
    <ClInclude Include="Core\Window.hpp">
      <Filter>Header Files\Core</Filter>
    </ClInclude>
    <ClInclude Include="Config.hpp">
      <Filter>Header Files</Filter>
    </ClInclude>
    <ClInclude Include="Core\GraphicsDevice.hpp">
      <Filter>Header Files\Core</Filter>
    </ClInclude>
  </ItemGroup>
  <ItemGroup>
    <FxCompile Include="P:\LuminaEngine\content\Shaders\DirectX\defaultPixel.hlsl">
      <Filter>Resource Files\Shaders\DirectX</Filter>
    </FxCompile>
    <FxCompile Include="P:\LuminaEngine\content\Shaders\DirectX\defaultVertex.hlsl">
      <Filter>Resource Files\Shaders\DirectX</Filter>
    </FxCompile>
  </ItemGroup>
  <ItemGroup>
    <None Include="P:\LuminaEngine\content\Shaders\OpenGL\defaultFragment.glsl">
      <Filter>Resource Files\Shaders\OpenGL</Filter>
    </None>
    <None Include="P:\LuminaEngine\content\Shaders\OpenGL\defaultVertex.glsl">
      <Filter>Resource Files\Shaders\OpenGL</Filter>
    </None>
  </ItemGroup>
</Project>